
Microsoft Visual Studio Solution File, Format Version 12.00
# Visual Studio Version 17
VisualStudioVersion = 17.0.31903.59
MinimumVisualStudioVersion = 10.0.40219.1
Project("{2150E333-8FDC-42A3-9474-1A3956D46DE8}") = "src", "src", "{3003BDDA-2EFC-4AFB-9896-C0623EB13F65}"
EndProject
Project("{FAE04EC0-301F-11D3-BF4B-00C04F79EFBC}") = "ANXAgentSwarm.Core", "src\ANXAgentSwarm.Core\ANXAgentSwarm.Core.csproj", "{8A80FCF1-DB39-44B5-ADD8-076A9E85E19B}"
EndProject
Project("{FAE04EC0-301F-11D3-BF4B-00C04F79EFBC}") = "ANXAgentSwarm.Infrastructure", "src\ANXAgentSwarm.Infrastructure\ANXAgentSwarm.Infrastructure.csproj", "{CBE30E45-2184-48B4-9670-66994E2B5D97}"
EndProject
Project("{FAE04EC0-301F-11D3-BF4B-00C04F79EFBC}") = "ANXAgentSwarm.Api", "src\ANXAgentSwarm.Api\ANXAgentSwarm.Api.csproj", "{8992FA41-1F41-4B19-A301-F95C99211DC4}"
EndProject
Global
	GlobalSection(SolutionConfigurationPlatforms) = preSolution
		Debug|Any CPU = Debug|Any CPU
		Release|Any CPU = Release|Any CPU
	EndGlobalSection
	GlobalSection(SolutionProperties) = preSolution
		HideSolutionNode = FALSE
	EndGlobalSection
	GlobalSection(ProjectConfigurationPlatforms) = postSolution
		{8A80FCF1-DB39-44B5-ADD8-076A9E85E19B}.Debug|Any CPU.ActiveCfg = Debug|Any CPU
		{8A80FCF1-DB39-44B5-ADD8-076A9E85E19B}.Debug|Any CPU.Build.0 = Debug|Any CPU
		{8A80FCF1-DB39-44B5-ADD8-076A9E85E19B}.Release|Any CPU.ActiveCfg = Release|Any CPU
		{8A80FCF1-DB39-44B5-ADD8-076A9E85E19B}.Release|Any CPU.Build.0 = Release|Any CPU
		{CBE30E45-2184-48B4-9670-66994E2B5D97}.Debug|Any CPU.ActiveCfg = Debug|Any CPU
		{CBE30E45-2184-48B4-9670-66994E2B5D97}.Debug|Any CPU.Build.0 = Debug|Any CPU
		{CBE30E45-2184-48B4-9670-66994E2B5D97}.Release|Any CPU.ActiveCfg = Release|Any CPU
		{CBE30E45-2184-48B4-9670-66994E2B5D97}.Release|Any CPU.Build.0 = Release|Any CPU
		{8992FA41-1F41-4B19-A301-F95C99211DC4}.Debug|Any CPU.ActiveCfg = Debug|Any CPU
		{8992FA41-1F41-4B19-A301-F95C99211DC4}.Debug|Any CPU.Build.0 = Debug|Any CPU
		{8992FA41-1F41-4B19-A301-F95C99211DC4}.Release|Any CPU.ActiveCfg = Release|Any CPU
		{8992FA41-1F41-4B19-A301-F95C99211DC4}.Release|Any CPU.Build.0 = Release|Any CPU
	EndGlobalSection
	GlobalSection(NestedProjects) = preSolution
		{8A80FCF1-DB39-44B5-ADD8-076A9E85E19B} = {3003BDDA-2EFC-4AFB-9896-C0623EB13F65}
		{CBE30E45-2184-48B4-9670-66994E2B5D97} = {3003BDDA-2EFC-4AFB-9896-C0623EB13F65}
		{8992FA41-1F41-4B19-A301-F95C99211DC4} = {3003BDDA-2EFC-4AFB-9896-C0623EB13F65}
	EndGlobalSection
EndGlobal
